// !$*UTF8*$!
{
	archiveVersion = 1;
	classes = {
	};
	objectVersion = 56;
	objects = {

/* Begin PBXBuildFile section */
		318129132C51B369002F1E40 /* main.swift in Sources */ = {isa = PBXBuildFile; fileRef = 318129122C51B369002F1E40 /* main.swift */; };
		3181291B2C51B3EC002F1E40 /* Pieces.swift in Sources */ = {isa = PBXBuildFile; fileRef = 3181291A2C51B3EC002F1E40 /* Pieces.swift */; };
		3181291F2C51B803002F1E40 /* Game.swift in Sources */ = {isa = PBXBuildFile; fileRef = 3181291E2C51B803002F1E40 /* Game.swift */; };
		318129212C5277FA002F1E40 /* Engine.swift in Sources */ = {isa = PBXBuildFile; fileRef = 318129202C5277FA002F1E40 /* Engine.swift */; };
		318129232C529FD9002F1E40 /* Players.swift in Sources */ = {isa = PBXBuildFile; fileRef = 318129222C529FD9002F1E40 /* Players.swift */; };
		318129252C530BB0002F1E40 /* Move.swift in Sources */ = {isa = PBXBuildFile; fileRef = 318129242C530BB0002F1E40 /* Move.swift */; };
		318129272C5440A0002F1E40 /* BoardPrinter.swift in Sources */ = {isa = PBXBuildFile; fileRef = 318129262C5440A0002F1E40 /* BoardPrinter.swift */; };
		318129302C55B0C4002F1E40 /* ChessblazerGUIApp.swift in Sources */ = {isa = PBXBuildFile; fileRef = 3181292F2C55B0C4002F1E40 /* ChessblazerGUIApp.swift */; };
		318129322C55B0C4002F1E40 /* ContentView.swift in Sources */ = {isa = PBXBuildFile; fileRef = 318129312C55B0C4002F1E40 /* ContentView.swift */; };
		318129342C55B0C5002F1E40 /* Assets.xcassets in Resources */ = {isa = PBXBuildFile; fileRef = 318129332C55B0C5002F1E40 /* Assets.xcassets */; };
		318129382C55B0C5002F1E40 /* Preview Assets.xcassets in Resources */ = {isa = PBXBuildFile; fileRef = 318129372C55B0C5002F1E40 /* Preview Assets.xcassets */; };
		3181293E2C56DAA4002F1E40 /* BoardPrinter.swift in Sources */ = {isa = PBXBuildFile; fileRef = 318129262C5440A0002F1E40 /* BoardPrinter.swift */; };
		3181293F2C56DAA4002F1E40 /* Pieces.swift in Sources */ = {isa = PBXBuildFile; fileRef = 3181291A2C51B3EC002F1E40 /* Pieces.swift */; };
		318129402C56DAA4002F1E40 /* Game.swift in Sources */ = {isa = PBXBuildFile; fileRef = 3181291E2C51B803002F1E40 /* Game.swift */; };
		318129412C56DAA4002F1E40 /* Engine.swift in Sources */ = {isa = PBXBuildFile; fileRef = 318129202C5277FA002F1E40 /* Engine.swift */; };
		318129422C56DAA4002F1E40 /* Players.swift in Sources */ = {isa = PBXBuildFile; fileRef = 318129222C529FD9002F1E40 /* Players.swift */; };
		318129432C56DAA4002F1E40 /* Move.swift in Sources */ = {isa = PBXBuildFile; fileRef = 318129242C530BB0002F1E40 /* Move.swift */; };
/* End PBXBuildFile section */

/* Begin PBXCopyFilesBuildPhase section */
		3181290D2C51B369002F1E40 /* CopyFiles */ = {
			isa = PBXCopyFilesBuildPhase;
			buildActionMask = 2147483647;
			dstPath = /usr/share/man/man1/;
			dstSubfolderSpec = 0;
			files = (
			);
			runOnlyForDeploymentPostprocessing = 1;
		};
/* End PBXCopyFilesBuildPhase section */

/* Begin PBXFileReference section */
		3181290F2C51B369002F1E40 /* Chessblazer */ = {isa = PBXFileReference; explicitFileType = "compiled.mach-o.executable"; includeInIndex = 0; path = Chessblazer; sourceTree = BUILT_PRODUCTS_DIR; };
		318129122C51B369002F1E40 /* main.swift */ = {isa = PBXFileReference; lastKnownFileType = sourcecode.swift; path = main.swift; sourceTree = "<group>"; };
		3181291A2C51B3EC002F1E40 /* Pieces.swift */ = {isa = PBXFileReference; lastKnownFileType = sourcecode.swift; path = Pieces.swift; sourceTree = "<group>"; };
		3181291E2C51B803002F1E40 /* Game.swift */ = {isa = PBXFileReference; lastKnownFileType = sourcecode.swift; path = Game.swift; sourceTree = "<group>"; };
		318129202C5277FA002F1E40 /* Engine.swift */ = {isa = PBXFileReference; lastKnownFileType = sourcecode.swift; path = Engine.swift; sourceTree = "<group>"; };
		318129222C529FD9002F1E40 /* Players.swift */ = {isa = PBXFileReference; lastKnownFileType = sourcecode.swift; path = Players.swift; sourceTree = "<group>"; };
		318129242C530BB0002F1E40 /* Move.swift */ = {isa = PBXFileReference; lastKnownFileType = sourcecode.swift; path = Move.swift; sourceTree = "<group>"; };
		318129262C5440A0002F1E40 /* BoardPrinter.swift */ = {isa = PBXFileReference; lastKnownFileType = sourcecode.swift; path = BoardPrinter.swift; sourceTree = "<group>"; };
		3181292D2C55B0C4002F1E40 /* ChessblazerGUI.app */ = {isa = PBXFileReference; explicitFileType = wrapper.application; includeInIndex = 0; path = ChessblazerGUI.app; sourceTree = BUILT_PRODUCTS_DIR; };
		3181292F2C55B0C4002F1E40 /* ChessblazerGUIApp.swift */ = {isa = PBXFileReference; lastKnownFileType = sourcecode.swift; path = ChessblazerGUIApp.swift; sourceTree = "<group>"; };
		318129312C55B0C4002F1E40 /* ContentView.swift */ = {isa = PBXFileReference; lastKnownFileType = sourcecode.swift; path = ContentView.swift; sourceTree = "<group>"; };
		318129332C55B0C5002F1E40 /* Assets.xcassets */ = {isa = PBXFileReference; lastKnownFileType = folder.assetcatalog; path = Assets.xcassets; sourceTree = "<group>"; };
		318129352C55B0C5002F1E40 /* ChessblazerGUI.entitlements */ = {isa = PBXFileReference; lastKnownFileType = text.plist.entitlements; path = ChessblazerGUI.entitlements; sourceTree = "<group>"; };
		318129372C55B0C5002F1E40 /* Preview Assets.xcassets */ = {isa = PBXFileReference; lastKnownFileType = folder.assetcatalog; path = "Preview Assets.xcassets"; sourceTree = "<group>"; };
/* End PBXFileReference section */

/* Begin PBXFrameworksBuildPhase section */
		3181290C2C51B369002F1E40 /* Frameworks */ = {
			isa = PBXFrameworksBuildPhase;
			buildActionMask = 2147483647;
			files = (
			);
			runOnlyForDeploymentPostprocessing = 0;
		};
		3181292A2C55B0C4002F1E40 /* Frameworks */ = {
			isa = PBXFrameworksBuildPhase;
			buildActionMask = 2147483647;
			files = (
			);
			runOnlyForDeploymentPostprocessing = 0;
		};
/* End PBXFrameworksBuildPhase section */

/* Begin PBXGroup section */
		318129062C51B369002F1E40 = {
			isa = PBXGroup;
			children = (
				318129112C51B369002F1E40 /* Chessblazer */,
				3181292E2C55B0C4002F1E40 /* ChessblazerGUI */,
				318129102C51B369002F1E40 /* Products */,
			);
			sourceTree = "<group>";
		};
		318129102C51B369002F1E40 /* Products */ = {
			isa = PBXGroup;
			children = (
				3181290F2C51B369002F1E40 /* Chessblazer */,
				3181292D2C55B0C4002F1E40 /* ChessblazerGUI.app */,
			);
			name = Products;
			sourceTree = "<group>";
		};
		318129112C51B369002F1E40 /* Chessblazer */ = {
			isa = PBXGroup;
			children = (
				318129192C51B389002F1E40 /* ChessEngine */,
				318129122C51B369002F1E40 /* main.swift */,
			);
			path = Chessblazer;
			sourceTree = "<group>";
		};
		318129192C51B389002F1E40 /* ChessEngine */ = {
			isa = PBXGroup;
			children = (
				318129262C5440A0002F1E40 /* BoardPrinter.swift */,
				3181291A2C51B3EC002F1E40 /* Pieces.swift */,
				3181291E2C51B803002F1E40 /* Game.swift */,
				318129202C5277FA002F1E40 /* Engine.swift */,
				318129222C529FD9002F1E40 /* Players.swift */,
				318129242C530BB0002F1E40 /* Move.swift */,
			);
			path = ChessEngine;
			sourceTree = "<group>";
		};
		3181292E2C55B0C4002F1E40 /* ChessblazerGUI */ = {
			isa = PBXGroup;
			children = (
				3181292F2C55B0C4002F1E40 /* ChessblazerGUIApp.swift */,
				318129312C55B0C4002F1E40 /* ContentView.swift */,
				318129332C55B0C5002F1E40 /* Assets.xcassets */,
				318129352C55B0C5002F1E40 /* ChessblazerGUI.entitlements */,
				318129362C55B0C5002F1E40 /* Preview Content */,
			);
			path = ChessblazerGUI;
			sourceTree = "<group>";
		};
		318129362C55B0C5002F1E40 /* Preview Content */ = {
			isa = PBXGroup;
			children = (
				318129372C55B0C5002F1E40 /* Preview Assets.xcassets */,
			);
			path = "Preview Content";
			sourceTree = "<group>";
		};
/* End PBXGroup section */

/* Begin PBXNativeTarget section */
		3181290E2C51B369002F1E40 /* Chessblazer */ = {
			isa = PBXNativeTarget;
			buildConfigurationList = 318129162C51B369002F1E40 /* Build configuration list for PBXNativeTarget "Chessblazer" */;
			buildPhases = (
				3181290B2C51B369002F1E40 /* Sources */,
				3181290C2C51B369002F1E40 /* Frameworks */,
				3181290D2C51B369002F1E40 /* CopyFiles */,
			);
			buildRules = (
			);
			dependencies = (
			);
			name = Chessblazer;
			productName = Chessblazer;
			productReference = 3181290F2C51B369002F1E40 /* Chessblazer */;
			productType = "com.apple.product-type.tool";
		};
		3181292C2C55B0C4002F1E40 /* ChessblazerGUI */ = {
			isa = PBXNativeTarget;
			buildConfigurationList = 318129392C55B0C5002F1E40 /* Build configuration list for PBXNativeTarget "ChessblazerGUI" */;
			buildPhases = (
				318129292C55B0C4002F1E40 /* Sources */,
				3181292A2C55B0C4002F1E40 /* Frameworks */,
				3181292B2C55B0C4002F1E40 /* Resources */,
			);
			buildRules = (
			);
			dependencies = (
			);
			name = ChessblazerGUI;
			productName = ChessblazerGUI;
			productReference = 3181292D2C55B0C4002F1E40 /* ChessblazerGUI.app */;
			productType = "com.apple.product-type.application";
		};
/* End PBXNativeTarget section */

/* Begin PBXProject section */
		318129072C51B369002F1E40 /* Project object */ = {
			isa = PBXProject;
			attributes = {
				BuildIndependentTargetsInParallel = 1;
				LastSwiftUpdateCheck = 1540;
				LastUpgradeCheck = 1540;
				TargetAttributes = {
					3181290E2C51B369002F1E40 = {
						CreatedOnToolsVersion = 15.4;
					};
					3181292C2C55B0C4002F1E40 = {
						CreatedOnToolsVersion = 15.4;
					};
				};
			};
			buildConfigurationList = 3181290A2C51B369002F1E40 /* Build configuration list for PBXProject "Chessblazer" */;
			compatibilityVersion = "Xcode 14.0";
			developmentRegion = en;
			hasScannedForEncodings = 0;
			knownRegions = (
				en,
				Base,
			);
			mainGroup = 318129062C51B369002F1E40;
			productRefGroup = 318129102C51B369002F1E40 /* Products */;
			projectDirPath = "";
			projectRoot = "";
			targets = (
				3181290E2C51B369002F1E40 /* Chessblazer */,
				3181292C2C55B0C4002F1E40 /* ChessblazerGUI */,
			);
		};
/* End PBXProject section */

/* Begin PBXResourcesBuildPhase section */
		3181292B2C55B0C4002F1E40 /* Resources */ = {
			isa = PBXResourcesBuildPhase;
			buildActionMask = 2147483647;
			files = (
				318129382C55B0C5002F1E40 /* Preview Assets.xcassets in Resources */,
				318129342C55B0C5002F1E40 /* Assets.xcassets in Resources */,
			);
			runOnlyForDeploymentPostprocessing = 0;
		};
/* End PBXResourcesBuildPhase section */

/* Begin PBXSourcesBuildPhase section */
		3181290B2C51B369002F1E40 /* Sources */ = {
			isa = PBXSourcesBuildPhase;
			buildActionMask = 2147483647;
			files = (
				3181291B2C51B3EC002F1E40 /* Pieces.swift in Sources */,
				318129272C5440A0002F1E40 /* BoardPrinter.swift in Sources */,
				318129232C529FD9002F1E40 /* Players.swift in Sources */,
				318129212C5277FA002F1E40 /* Engine.swift in Sources */,
				318129132C51B369002F1E40 /* main.swift in Sources */,
				318129252C530BB0002F1E40 /* Move.swift in Sources */,
				3181291F2C51B803002F1E40 /* Game.swift in Sources */,
			);
			runOnlyForDeploymentPostprocessing = 0;
		};
		318129292C55B0C4002F1E40 /* Sources */ = {
			isa = PBXSourcesBuildPhase;
			buildActionMask = 2147483647;
			files = (
				3181293E2C56DAA4002F1E40 /* BoardPrinter.swift in Sources */,
				3181293F2C56DAA4002F1E40 /* Pieces.swift in Sources */,
				318129402C56DAA4002F1E40 /* Game.swift in Sources */,
				318129412C56DAA4002F1E40 /* Engine.swift in Sources */,
				318129422C56DAA4002F1E40 /* Players.swift in Sources */,
				318129432C56DAA4002F1E40 /* Move.swift in Sources */,
				318129322C55B0C4002F1E40 /* ContentView.swift in Sources */,
				318129302C55B0C4002F1E40 /* ChessblazerGUIApp.swift in Sources */,
			);
			runOnlyForDeploymentPostprocessing = 0;
		};
/* End PBXSourcesBuildPhase section */

/* Begin XCBuildConfiguration section */
		318129142C51B369002F1E40 /* Debug */ = {
			isa = XCBuildConfiguration;
			buildSettings = {
				ALWAYS_SEARCH_USER_PATHS = NO;
				ASSETCATALOG_COMPILER_GENERATE_SWIFT_ASSET_SYMBOL_EXTENSIONS = YES;
				CLANG_ANALYZER_NONNULL = YES;
				CLANG_ANALYZER_NUMBER_OBJECT_CONVERSION = YES_AGGRESSIVE;
				CLANG_CXX_LANGUAGE_STANDARD = "gnu++20";
				CLANG_ENABLE_MODULES = YES;
				CLANG_ENABLE_OBJC_ARC = YES;
				CLANG_ENABLE_OBJC_WEAK = YES;
				CLANG_WARN_BLOCK_CAPTURE_AUTORELEASING = YES;
				CLANG_WARN_BOOL_CONVERSION = YES;
				CLANG_WARN_COMMA = YES;
				CLANG_WARN_CONSTANT_CONVERSION = YES;
				CLANG_WARN_DEPRECATED_OBJC_IMPLEMENTATIONS = YES;
				CLANG_WARN_DIRECT_OBJC_ISA_USAGE = YES_ERROR;
				CLANG_WARN_DOCUMENTATION_COMMENTS = YES;
				CLANG_WARN_EMPTY_BODY = YES;
				CLANG_WARN_ENUM_CONVERSION = YES;
				CLANG_WARN_INFINITE_RECURSION = YES;
				CLANG_WARN_INT_CONVERSION = YES;
				CLANG_WARN_NON_LITERAL_NULL_CONVERSION = YES;
				CLANG_WARN_OBJC_IMPLICIT_RETAIN_SELF = YES;
				CLANG_WARN_OBJC_LITERAL_CONVERSION = YES;
				CLANG_WARN_OBJC_ROOT_CLASS = YES_ERROR;
				CLANG_WARN_QUOTED_INCLUDE_IN_FRAMEWORK_HEADER = YES;
				CLANG_WARN_RANGE_LOOP_ANALYSIS = YES;
				CLANG_WARN_STRICT_PROTOTYPES = YES;
				CLANG_WARN_SUSPICIOUS_MOVE = YES;
				CLANG_WARN_UNGUARDED_AVAILABILITY = YES_AGGRESSIVE;
				CLANG_WARN_UNREACHABLE_CODE = YES;
				CLANG_WARN__DUPLICATE_METHOD_MATCH = YES;
				COPY_PHASE_STRIP = NO;
				DEBUG_INFORMATION_FORMAT = dwarf;
				ENABLE_STRICT_OBJC_MSGSEND = YES;
				ENABLE_TESTABILITY = YES;
				ENABLE_USER_SCRIPT_SANDBOXING = YES;
				GCC_C_LANGUAGE_STANDARD = gnu17;
				GCC_DYNAMIC_NO_PIC = NO;
				GCC_NO_COMMON_BLOCKS = YES;
				GCC_OPTIMIZATION_LEVEL = 0;
				GCC_PREPROCESSOR_DEFINITIONS = (
					"DEBUG=1",
					"$(inherited)",
				);
				GCC_WARN_64_TO_32_BIT_CONVERSION = YES;
				GCC_WARN_ABOUT_RETURN_TYPE = YES_ERROR;
				GCC_WARN_UNDECLARED_SELECTOR = YES;
				GCC_WARN_UNINITIALIZED_AUTOS = YES_AGGRESSIVE;
				GCC_WARN_UNUSED_FUNCTION = YES;
				GCC_WARN_UNUSED_VARIABLE = YES;
				LOCALIZATION_PREFERS_STRING_CATALOGS = YES;
				MACOSX_DEPLOYMENT_TARGET = 14.5;
				MTL_ENABLE_DEBUG_INFO = INCLUDE_SOURCE;
				MTL_FAST_MATH = YES;
				ONLY_ACTIVE_ARCH = YES;
				SDKROOT = macosx;
				SWIFT_ACTIVE_COMPILATION_CONDITIONS = "DEBUG $(inherited)";
				SWIFT_OPTIMIZATION_LEVEL = "-Onone";
			};
			name = Debug;
		};
		318129152C51B369002F1E40 /* Release */ = {
			isa = XCBuildConfiguration;
			buildSettings = {
				ALWAYS_SEARCH_USER_PATHS = NO;
				ASSETCATALOG_COMPILER_GENERATE_SWIFT_ASSET_SYMBOL_EXTENSIONS = YES;
				CLANG_ANALYZER_NONNULL = YES;
				CLANG_ANALYZER_NUMBER_OBJECT_CONVERSION = YES_AGGRESSIVE;
				CLANG_CXX_LANGUAGE_STANDARD = "gnu++20";
				CLANG_ENABLE_MODULES = YES;
				CLANG_ENABLE_OBJC_ARC = YES;
				CLANG_ENABLE_OBJC_WEAK = YES;
				CLANG_WARN_BLOCK_CAPTURE_AUTORELEASING = YES;
				CLANG_WARN_BOOL_CONVERSION = YES;
				CLANG_WARN_COMMA = YES;
				CLANG_WARN_CONSTANT_CONVERSION = YES;
				CLANG_WARN_DEPRECATED_OBJC_IMPLEMENTATIONS = YES;
				CLANG_WARN_DIRECT_OBJC_ISA_USAGE = YES_ERROR;
				CLANG_WARN_DOCUMENTATION_COMMENTS = YES;
				CLANG_WARN_EMPTY_BODY = YES;
				CLANG_WARN_ENUM_CONVERSION = YES;
				CLANG_WARN_INFINITE_RECURSION = YES;
				CLANG_WARN_INT_CONVERSION = YES;
				CLANG_WARN_NON_LITERAL_NULL_CONVERSION = YES;
				CLANG_WARN_OBJC_IMPLICIT_RETAIN_SELF = YES;
				CLANG_WARN_OBJC_LITERAL_CONVERSION = YES;
				CLANG_WARN_OBJC_ROOT_CLASS = YES_ERROR;
				CLANG_WARN_QUOTED_INCLUDE_IN_FRAMEWORK_HEADER = YES;
				CLANG_WARN_RANGE_LOOP_ANALYSIS = YES;
				CLANG_WARN_STRICT_PROTOTYPES = YES;
				CLANG_WARN_SUSPICIOUS_MOVE = YES;
				CLANG_WARN_UNGUARDED_AVAILABILITY = YES_AGGRESSIVE;
				CLANG_WARN_UNREACHABLE_CODE = YES;
				CLANG_WARN__DUPLICATE_METHOD_MATCH = YES;
				COPY_PHASE_STRIP = NO;
				DEBUG_INFORMATION_FORMAT = "dwarf-with-dsym";
				ENABLE_NS_ASSERTIONS = NO;
				ENABLE_STRICT_OBJC_MSGSEND = YES;
				ENABLE_USER_SCRIPT_SANDBOXING = YES;
				GCC_C_LANGUAGE_STANDARD = gnu17;
				GCC_NO_COMMON_BLOCKS = YES;
				GCC_WARN_64_TO_32_BIT_CONVERSION = YES;
				GCC_WARN_ABOUT_RETURN_TYPE = YES_ERROR;
				GCC_WARN_UNDECLARED_SELECTOR = YES;
				GCC_WARN_UNINITIALIZED_AUTOS = YES_AGGRESSIVE;
				GCC_WARN_UNUSED_FUNCTION = YES;
				GCC_WARN_UNUSED_VARIABLE = YES;
				LOCALIZATION_PREFERS_STRING_CATALOGS = YES;
				MACOSX_DEPLOYMENT_TARGET = 14.5;
				MTL_ENABLE_DEBUG_INFO = NO;
				MTL_FAST_MATH = YES;
				SDKROOT = macosx;
				SWIFT_COMPILATION_MODE = wholemodule;
			};
			name = Release;
		};
		318129172C51B369002F1E40 /* Debug */ = {
			isa = XCBuildConfiguration;
			buildSettings = {
				CODE_SIGN_STYLE = Automatic;
				DEVELOPMENT_TEAM = M24BUWBX5F;
				ENABLE_HARDENED_RUNTIME = YES;
				PRODUCT_NAME = "$(TARGET_NAME)";
				SWIFT_VERSION = 5.0;
			};
			name = Debug;
		};
		318129182C51B369002F1E40 /* Release */ = {
			isa = XCBuildConfiguration;
			buildSettings = {
				CODE_SIGN_STYLE = Automatic;
				DEVELOPMENT_TEAM = M24BUWBX5F;
				ENABLE_HARDENED_RUNTIME = YES;
				PRODUCT_NAME = "$(TARGET_NAME)";
				SWIFT_VERSION = 5.0;
			};
			name = Release;
		};
		3181293A2C55B0C5002F1E40 /* Debug */ = {
			isa = XCBuildConfiguration;
			buildSettings = {
				ASSETCATALOG_COMPILER_APPICON_NAME = AppIcon;
				ASSETCATALOG_COMPILER_GLOBAL_ACCENT_COLOR_NAME = AccentColor;
				CODE_SIGN_ENTITLEMENTS = ChessblazerGUI/ChessblazerGUI.entitlements;
				CODE_SIGN_STYLE = Automatic;
				CURRENT_PROJECT_VERSION = 1;
				DEVELOPMENT_ASSET_PATHS = "\"ChessblazerGUI/Preview Content\"";
				DEVELOPMENT_TEAM = M24BUWBX5F;
				ENABLE_HARDENED_RUNTIME = YES;
				ENABLE_PREVIEWS = YES;
				GENERATE_INFOPLIST_FILE = YES;
				"INFOPLIST_KEY_UIApplicationSceneManifest_Generation[sdk=iphoneos*]" = YES;
				"INFOPLIST_KEY_UIApplicationSceneManifest_Generation[sdk=iphonesimulator*]" = YES;
				"INFOPLIST_KEY_UIApplicationSupportsIndirectInputEvents[sdk=iphoneos*]" = YES;
				"INFOPLIST_KEY_UIApplicationSupportsIndirectInputEvents[sdk=iphonesimulator*]" = YES;
				"INFOPLIST_KEY_UILaunchScreen_Generation[sdk=iphoneos*]" = YES;
				"INFOPLIST_KEY_UILaunchScreen_Generation[sdk=iphonesimulator*]" = YES;
				"INFOPLIST_KEY_UIStatusBarStyle[sdk=iphoneos*]" = UIStatusBarStyleDefault;
				"INFOPLIST_KEY_UIStatusBarStyle[sdk=iphonesimulator*]" = UIStatusBarStyleDefault;
				INFOPLIST_KEY_UISupportedInterfaceOrientations_iPad = "UIInterfaceOrientationPortrait UIInterfaceOrientationPortraitUpsideDown UIInterfaceOrientationLandscapeLeft UIInterfaceOrientationLandscapeRight";
				INFOPLIST_KEY_UISupportedInterfaceOrientations_iPhone = "UIInterfaceOrientationPortrait UIInterfaceOrientationLandscapeLeft UIInterfaceOrientationLandscapeRight";
				IPHONEOS_DEPLOYMENT_TARGET = 17.5;
				LD_RUNPATH_SEARCH_PATHS = "@executable_path/Frameworks";
				"LD_RUNPATH_SEARCH_PATHS[sdk=macosx*]" = "@executable_path/../Frameworks";
				MACOSX_DEPLOYMENT_TARGET = 14.5;
				MARKETING_VERSION = 1.0;
				PRODUCT_BUNDLE_IDENTIFIER = szymonsergiusz.ChessblazerGUI;
				PRODUCT_NAME = "$(TARGET_NAME)";
				SDKROOT = auto;
				SUPPORTED_PLATFORMS = "iphoneos iphonesimulator macosx";
				SWIFT_EMIT_LOC_STRINGS = YES;
				SWIFT_VERSION = 5.0;
				TARGETED_DEVICE_FAMILY = "1,2";
			};
			name = Debug;
		};
		3181293B2C55B0C5002F1E40 /* Release */ = {
			isa = XCBuildConfiguration;
			buildSettings = {
				ASSETCATALOG_COMPILER_APPICON_NAME = AppIcon;
				ASSETCATALOG_COMPILER_GLOBAL_ACCENT_COLOR_NAME = AccentColor;
				CODE_SIGN_ENTITLEMENTS = ChessblazerGUI/ChessblazerGUI.entitlements;
				CODE_SIGN_STYLE = Automatic;
				CURRENT_PROJECT_VERSION = 1;
				DEVELOPMENT_ASSET_PATHS = "\"ChessblazerGUI/Preview Content\"";
				DEVELOPMENT_TEAM = M24BUWBX5F;
				ENABLE_HARDENED_RUNTIME = YES;
				ENABLE_PREVIEWS = YES;
				GENERATE_INFOPLIST_FILE = YES;
				"INFOPLIST_KEY_UIApplicationSceneManifest_Generation[sdk=iphoneos*]" = YES;
				"INFOPLIST_KEY_UIApplicationSceneManifest_Generation[sdk=iphonesimulator*]" = YES;
				"INFOPLIST_KEY_UIApplicationSupportsIndirectInputEvents[sdk=iphoneos*]" = YES;
				"INFOPLIST_KEY_UIApplicationSupportsIndirectInputEvents[sdk=iphonesimulator*]" = YES;
				"INFOPLIST_KEY_UILaunchScreen_Generation[sdk=iphoneos*]" = YES;
				"INFOPLIST_KEY_UILaunchScreen_Generation[sdk=iphonesimulator*]" = YES;
				"INFOPLIST_KEY_UIStatusBarStyle[sdk=iphoneos*]" = UIStatusBarStyleDefault;
				"INFOPLIST_KEY_UIStatusBarStyle[sdk=iphonesimulator*]" = UIStatusBarStyleDefault;
				INFOPLIST_KEY_UISupportedInterfaceOrientations_iPad = "UIInterfaceOrientationPortrait UIInterfaceOrientationPortraitUpsideDown UIInterfaceOrientationLandscapeLeft UIInterfaceOrientationLandscapeRight";
				INFOPLIST_KEY_UISupportedInterfaceOrientations_iPhone = "UIInterfaceOrientationPortrait UIInterfaceOrientationLandscapeLeft UIInterfaceOrientationLandscapeRight";
				IPHONEOS_DEPLOYMENT_TARGET = 17.5;
				LD_RUNPATH_SEARCH_PATHS = "@executable_path/Frameworks";
				"LD_RUNPATH_SEARCH_PATHS[sdk=macosx*]" = "@executable_path/../Frameworks";
				MACOSX_DEPLOYMENT_TARGET = 14.5;
				MARKETING_VERSION = 1.0;
				PRODUCT_BUNDLE_IDENTIFIER = szymonsergiusz.ChessblazerGUI;
				PRODUCT_NAME = "$(TARGET_NAME)";
				SDKROOT = auto;
				SUPPORTED_PLATFORMS = "iphoneos iphonesimulator macosx";
				SWIFT_EMIT_LOC_STRINGS = YES;
				SWIFT_VERSION = 5.0;
				TARGETED_DEVICE_FAMILY = "1,2";
			};
			name = Release;
		};
/* End XCBuildConfiguration section */

/* Begin XCConfigurationList section */
		3181290A2C51B369002F1E40 /* Build configuration list for PBXProject "Chessblazer" */ = {
			isa = XCConfigurationList;
			buildConfigurations = (
				318129142C51B369002F1E40 /* Debug */,
				318129152C51B369002F1E40 /* Release */,
			);
			defaultConfigurationIsVisible = 0;
			defaultConfigurationName = Release;
		};
		318129162C51B369002F1E40 /* Build configuration list for PBXNativeTarget "Chessblazer" */ = {
			isa = XCConfigurationList;
			buildConfigurations = (
				318129172C51B369002F1E40 /* Debug */,
				318129182C51B369002F1E40 /* Release */,
			);
			defaultConfigurationIsVisible = 0;
			defaultConfigurationName = Release;
		};
		318129392C55B0C5002F1E40 /* Build configuration list for PBXNativeTarget "ChessblazerGUI" */ = {
			isa = XCConfigurationList;
			buildConfigurations = (
				3181293A2C55B0C5002F1E40 /* Debug */,
				3181293B2C55B0C5002F1E40 /* Release */,
			);
			defaultConfigurationIsVisible = 0;
			defaultConfigurationName = Release;
		};
/* End XCConfigurationList section */
	};
	rootObject = 318129072C51B369002F1E40 /* Project object */;
}
